// !$*UTF8*$!
{
	archiveVersion = 1;
	classes = {
	};
	objectVersion = 51;
	objects = {

/* Begin PBXBuildFile section */
		9D984E21BB4D6DB82725A925 /* Pods_Tweetliyoruz.framework in Frameworks */ = {isa = PBXBuildFile; fileRef = 3E7026294CA3068E8C311EB9 /* Pods_Tweetliyoruz.framework */; };
		AFC25C2223324D21003362B2 /* AppDelegate.swift in Sources */ = {isa = PBXBuildFile; fileRef = AFC25C2123324D21003362B2 /* AppDelegate.swift */; };
		AFC25C2423324D21003362B2 /* LoginViewController.swift in Sources */ = {isa = PBXBuildFile; fileRef = AFC25C2323324D21003362B2 /* LoginViewController.swift */; };
		AFC25C2723324D21003362B2 /* AuthFlow.storyboard in Resources */ = {isa = PBXBuildFile; fileRef = AFC25C2523324D21003362B2 /* AuthFlow.storyboard */; };
		AFC25C2923324D24003362B2 /* Assets.xcassets in Resources */ = {isa = PBXBuildFile; fileRef = AFC25C2823324D24003362B2 /* Assets.xcassets */; };
		AFC25C2C23324D24003362B2 /* LaunchScreen.storyboard in Resources */ = {isa = PBXBuildFile; fileRef = AFC25C2A23324D24003362B2 /* LaunchScreen.storyboard */; };
/* End PBXBuildFile section */

/* Begin PBXFileReference section */
		136EC1E13918003F714F58DD /* Pods-Tweetliyoruz.debug.xcconfig */ = {isa = PBXFileReference; includeInIndex = 1; lastKnownFileType = text.xcconfig; name = "Pods-Tweetliyoruz.debug.xcconfig"; path = "Target Support Files/Pods-Tweetliyoruz/Pods-Tweetliyoruz.debug.xcconfig"; sourceTree = "<group>"; };
		3E7026294CA3068E8C311EB9 /* Pods_Tweetliyoruz.framework */ = {isa = PBXFileReference; explicitFileType = wrapper.framework; includeInIndex = 0; path = Pods_Tweetliyoruz.framework; sourceTree = BUILT_PRODUCTS_DIR; };
		AFC25C1E23324D21003362B2 /* Tweetliyoruz.app */ = {isa = PBXFileReference; explicitFileType = wrapper.application; includeInIndex = 0; path = Tweetliyoruz.app; sourceTree = BUILT_PRODUCTS_DIR; };
		AFC25C2123324D21003362B2 /* AppDelegate.swift */ = {isa = PBXFileReference; lastKnownFileType = sourcecode.swift; path = AppDelegate.swift; sourceTree = "<group>"; };
		AFC25C2323324D21003362B2 /* LoginViewController.swift */ = {isa = PBXFileReference; lastKnownFileType = sourcecode.swift; path = LoginViewController.swift; sourceTree = "<group>"; };
		AFC25C2623324D21003362B2 /* Base */ = {isa = PBXFileReference; lastKnownFileType = file.storyboard; name = Base; path = Base.lproj/AuthFlow.storyboard; sourceTree = "<group>"; };
		AFC25C2823324D24003362B2 /* Assets.xcassets */ = {isa = PBXFileReference; lastKnownFileType = folder.assetcatalog; path = Assets.xcassets; sourceTree = "<group>"; };
		AFC25C2B23324D24003362B2 /* Base */ = {isa = PBXFileReference; lastKnownFileType = file.storyboard; name = Base; path = Base.lproj/LaunchScreen.storyboard; sourceTree = "<group>"; };
		AFC25C2D23324D24003362B2 /* Info.plist */ = {isa = PBXFileReference; lastKnownFileType = text.plist.xml; path = Info.plist; sourceTree = "<group>"; };
		B046CB1791C51C322F11C07B /* Pods-Tweetliyoruz.release.xcconfig */ = {isa = PBXFileReference; includeInIndex = 1; lastKnownFileType = text.xcconfig; name = "Pods-Tweetliyoruz.release.xcconfig"; path = "Target Support Files/Pods-Tweetliyoruz/Pods-Tweetliyoruz.release.xcconfig"; sourceTree = "<group>"; };
/* End PBXFileReference section */

/* Begin PBXFrameworksBuildPhase section */
		AFC25C1B23324D21003362B2 /* Frameworks */ = {
			isa = PBXFrameworksBuildPhase;
			buildActionMask = 2147483647;
			files = (
				9D984E21BB4D6DB82725A925 /* Pods_Tweetliyoruz.framework in Frameworks */,
			);
			runOnlyForDeploymentPostprocessing = 0;
		};
/* End PBXFrameworksBuildPhase section */

/* Begin PBXGroup section */
		AFC25C1523324D21003362B2 = {
			isa = PBXGroup;
			children = (
				AFC25C2023324D21003362B2 /* Tweetliyoruz */,
				AFC25C1F23324D21003362B2 /* Products */,
				D20B9B5D68900DFDA3A0C91C /* Pods */,
				FDC397EE0182373FCCF1B0C0 /* Frameworks */,
			);
			sourceTree = "<group>";
		};
		AFC25C1F23324D21003362B2 /* Products */ = {
			isa = PBXGroup;
			children = (
				AFC25C1E23324D21003362B2 /* Tweetliyoruz.app */,
			);
			name = Products;
			sourceTree = "<group>";
		};
		AFC25C2023324D21003362B2 /* Tweetliyoruz */ = {
			isa = PBXGroup;
			children = (
				AFC25C3723324E57003362B2 /* Model */,
				AFC25C3623324E33003362B2 /* Supporting Files */,
				AFC25C3523324E20003362B2 /* Controller */,
				AFC25C3423324E0B003362B2 /* View */,
			);
			path = Tweetliyoruz;
			sourceTree = "<group>";
		};
		AFC25C3423324E0B003362B2 /* View */ = {
			isa = PBXGroup;
			children = (
				AFC25C2523324D21003362B2 /* AuthFlow.storyboard */,
				AFC25C2A23324D24003362B2 /* LaunchScreen.storyboard */,
			);
			path = View;
			sourceTree = "<group>";
		};
		AFC25C3523324E20003362B2 /* Controller */ = {
			isa = PBXGroup;
			children = (
				AFC25C2323324D21003362B2 /* LoginViewController.swift */,
			);
			path = Controller;
			sourceTree = "<group>";
		};
		AFC25C3623324E33003362B2 /* Supporting Files */ = {
			isa = PBXGroup;
			children = (
				AFC25C2123324D21003362B2 /* AppDelegate.swift */,
				AFC25C2823324D24003362B2 /* Assets.xcassets */,
				AFC25C2D23324D24003362B2 /* Info.plist */,
			);
			path = "Supporting Files";
			sourceTree = "<group>";
		};
		AFC25C3723324E57003362B2 /* Model */ = {
			isa = PBXGroup;
			children = (
			);
			path = Model;
			sourceTree = "<group>";
		};
		D20B9B5D68900DFDA3A0C91C /* Pods */ = {
			isa = PBXGroup;
			children = (
				136EC1E13918003F714F58DD /* Pods-Tweetliyoruz.debug.xcconfig */,
				B046CB1791C51C322F11C07B /* Pods-Tweetliyoruz.release.xcconfig */,
			);
			path = Pods;
			sourceTree = "<group>";
		};
		FDC397EE0182373FCCF1B0C0 /* Frameworks */ = {
			isa = PBXGroup;
			children = (
				3E7026294CA3068E8C311EB9 /* Pods_Tweetliyoruz.framework */,
			);
			name = Frameworks;
			sourceTree = "<group>";
		};
/* End PBXGroup section */

/* Begin PBXNativeTarget section */
		AFC25C1D23324D21003362B2 /* Tweetliyoruz */ = {
			isa = PBXNativeTarget;
			buildConfigurationList = AFC25C3023324D24003362B2 /* Build configuration list for PBXNativeTarget "Tweetliyoruz" */;
			buildPhases = (
				C08FA77BF961BEC89AFD03C8 /* [CP] Check Pods Manifest.lock */,
				AFC25C1A23324D21003362B2 /* Sources */,
				AFC25C1B23324D21003362B2 /* Frameworks */,
				AFC25C1C23324D21003362B2 /* Resources */,
				2F1FE66E6197085B293CEA6C /* [CP] Embed Pods Frameworks */,
				56C57A1E1C42A21735276D40 /* [CP] Copy Pods Resources */,
			);
			buildRules = (
			);
			dependencies = (
			);
			name = Tweetliyoruz;
			productName = Tweetliyoruz;
			productReference = AFC25C1E23324D21003362B2 /* Tweetliyoruz.app */;
			productType = "com.apple.product-type.application";
		};
/* End PBXNativeTarget section */

/* Begin PBXProject section */
		AFC25C1623324D21003362B2 /* Project object */ = {
			isa = PBXProject;
			attributes = {
				LastSwiftUpdateCheck = 1030;
				LastUpgradeCheck = 1030;
				TargetAttributes = {
					AFC25C1D23324D21003362B2 = {
						CreatedOnToolsVersion = 10.3;
					};
				};
			};
			buildConfigurationList = AFC25C1923324D21003362B2 /* Build configuration list for PBXProject "Tweetliyoruz" */;
			compatibilityVersion = "Xcode 9.3";
			developmentRegion = en;
			hasScannedForEncodings = 0;
			knownRegions = (
				en,
				Base,
			);
			mainGroup = AFC25C1523324D21003362B2;
			productRefGroup = AFC25C1F23324D21003362B2 /* Products */;
			projectDirPath = "";
			projectRoot = "";
			targets = (
				AFC25C1D23324D21003362B2 /* Tweetliyoruz */,
			);
		};
/* End PBXProject section */

/* Begin PBXResourcesBuildPhase section */
		AFC25C1C23324D21003362B2 /* Resources */ = {
			isa = PBXResourcesBuildPhase;
			buildActionMask = 2147483647;
			files = (
				AFC25C2C23324D24003362B2 /* LaunchScreen.storyboard in Resources */,
				AFC25C2923324D24003362B2 /* Assets.xcassets in Resources */,
				AFC25C2723324D21003362B2 /* AuthFlow.storyboard in Resources */,
			);
			runOnlyForDeploymentPostprocessing = 0;
		};
/* End PBXResourcesBuildPhase section */

/* Begin PBXShellScriptBuildPhase section */
		2F1FE66E6197085B293CEA6C /* [CP] Embed Pods Frameworks */ = {
			isa = PBXShellScriptBuildPhase;
			buildActionMask = 2147483647;
			files = (
			);
			inputFileListPaths = (
				"${PODS_ROOT}/Target Support Files/Pods-Tweetliyoruz/Pods-Tweetliyoruz-frameworks-${CONFIGURATION}-input-files.xcfilelist",
			);
			name = "[CP] Embed Pods Frameworks";
			outputFileListPaths = (
				"${PODS_ROOT}/Target Support Files/Pods-Tweetliyoruz/Pods-Tweetliyoruz-frameworks-${CONFIGURATION}-output-files.xcfilelist",
			);
			runOnlyForDeploymentPostprocessing = 0;
			shellPath = /bin/sh;
			shellScript = "\"${PODS_ROOT}/Target Support Files/Pods-Tweetliyoruz/Pods-Tweetliyoruz-frameworks.sh\"\n";
			showEnvVarsInLog = 0;
		};
		56C57A1E1C42A21735276D40 /* [CP] Copy Pods Resources */ = {
			isa = PBXShellScriptBuildPhase;
			buildActionMask = 2147483647;
			files = (
			);
			inputFileListPaths = (
				"${PODS_ROOT}/Target Support Files/Pods-Tweetliyoruz/Pods-Tweetliyoruz-resources-${CONFIGURATION}-input-files.xcfilelist",
			);
			name = "[CP] Copy Pods Resources";
			outputFileListPaths = (
				"${PODS_ROOT}/Target Support Files/Pods-Tweetliyoruz/Pods-Tweetliyoruz-resources-${CONFIGURATION}-output-files.xcfilelist",
			);
			runOnlyForDeploymentPostprocessing = 0;
			shellPath = /bin/sh;
			shellScript = "\"${PODS_ROOT}/Target Support Files/Pods-Tweetliyoruz/Pods-Tweetliyoruz-resources.sh\"\n";
			showEnvVarsInLog = 0;
		};
		C08FA77BF961BEC89AFD03C8 /* [CP] Check Pods Manifest.lock */ = {
			isa = PBXShellScriptBuildPhase;
			buildActionMask = 2147483647;
			files = (
			);
			inputFileListPaths = (
			);
			inputPaths = (
				"${PODS_PODFILE_DIR_PATH}/Podfile.lock",
				"${PODS_ROOT}/Manifest.lock",
			);
			name = "[CP] Check Pods Manifest.lock";
			outputFileListPaths = (
			);
			outputPaths = (
				"$(DERIVED_FILE_DIR)/Pods-Tweetliyoruz-checkManifestLockResult.txt",
			);
			runOnlyForDeploymentPostprocessing = 0;
			shellPath = /bin/sh;
			shellScript = "diff \"${PODS_PODFILE_DIR_PATH}/Podfile.lock\" \"${PODS_ROOT}/Manifest.lock\" > /dev/null\nif [ $? != 0 ] ; then\n    # print error to STDERR\n    echo \"error: The sandbox is not in sync with the Podfile.lock. Run 'pod install' or update your CocoaPods installation.\" >&2\n    exit 1\nfi\n# This output is used by Xcode 'outputs' to avoid re-running this script phase.\necho \"SUCCESS\" > \"${SCRIPT_OUTPUT_FILE_0}\"\n";
			showEnvVarsInLog = 0;
		};
/* End PBXShellScriptBuildPhase section */

/* Begin PBXSourcesBuildPhase section */
		AFC25C1A23324D21003362B2 /* Sources */ = {
			isa = PBXSourcesBuildPhase;
			buildActionMask = 2147483647;
			files = (
				AFC25C2423324D21003362B2 /* LoginViewController.swift in Sources */,
				AFC25C2223324D21003362B2 /* AppDelegate.swift in Sources */,
			);
			runOnlyForDeploymentPostprocessing = 0;
		};
/* End PBXSourcesBuildPhase section */

/* Begin PBXVariantGroup section */
		AFC25C2523324D21003362B2 /* AuthFlow.storyboard */ = {
			isa = PBXVariantGroup;
			children = (
				AFC25C2623324D21003362B2 /* Base */,
			);
			name = AuthFlow.storyboard;
			sourceTree = "<group>";
		};
		AFC25C2A23324D24003362B2 /* LaunchScreen.storyboard */ = {
			isa = PBXVariantGroup;
			children = (
				AFC25C2B23324D24003362B2 /* Base */,
			);
			name = LaunchScreen.storyboard;
			sourceTree = "<group>";
		};
/* End PBXVariantGroup section */

/* Begin XCBuildConfiguration section */
		AFC25C2E23324D24003362B2 /* Debug */ = {
			isa = XCBuildConfiguration;
			buildSettings = {
				ALWAYS_SEARCH_USER_PATHS = NO;
				CLANG_ANALYZER_NONNULL = YES;
				CLANG_ANALYZER_NUMBER_OBJECT_CONVERSION = YES_AGGRESSIVE;
				CLANG_CXX_LANGUAGE_STANDARD = "gnu++14";
				CLANG_CXX_LIBRARY = "libc++";
				CLANG_ENABLE_MODULES = YES;
				CLANG_ENABLE_OBJC_ARC = YES;
				CLANG_ENABLE_OBJC_WEAK = YES;
				CLANG_WARN_BLOCK_CAPTURE_AUTORELEASING = YES;
				CLANG_WARN_BOOL_CONVERSION = YES;
				CLANG_WARN_COMMA = YES;
				CLANG_WARN_CONSTANT_CONVERSION = YES;
				CLANG_WARN_DEPRECATED_OBJC_IMPLEMENTATIONS = YES;
				CLANG_WARN_DIRECT_OBJC_ISA_USAGE = YES_ERROR;
				CLANG_WARN_DOCUMENTATION_COMMENTS = YES;
				CLANG_WARN_EMPTY_BODY = YES;
				CLANG_WARN_ENUM_CONVERSION = YES;
				CLANG_WARN_INFINITE_RECURSION = YES;
				CLANG_WARN_INT_CONVERSION = YES;
				CLANG_WARN_NON_LITERAL_NULL_CONVERSION = YES;
				CLANG_WARN_OBJC_IMPLICIT_RETAIN_SELF = YES;
				CLANG_WARN_OBJC_LITERAL_CONVERSION = YES;
				CLANG_WARN_OBJC_ROOT_CLASS = YES_ERROR;
				CLANG_WARN_RANGE_LOOP_ANALYSIS = YES;
				CLANG_WARN_STRICT_PROTOTYPES = YES;
				CLANG_WARN_SUSPICIOUS_MOVE = YES;
				CLANG_WARN_UNGUARDED_AVAILABILITY = YES_AGGRESSIVE;
				CLANG_WARN_UNREACHABLE_CODE = YES;
				CLANG_WARN__DUPLICATE_METHOD_MATCH = YES;
				CODE_SIGN_IDENTITY = "iPhone Developer";
				COPY_PHASE_STRIP = NO;
				DEBUG_INFORMATION_FORMAT = dwarf;
				ENABLE_STRICT_OBJC_MSGSEND = YES;
				ENABLE_TESTABILITY = YES;
				GCC_C_LANGUAGE_STANDARD = gnu11;
				GCC_DYNAMIC_NO_PIC = NO;
				GCC_NO_COMMON_BLOCKS = YES;
				GCC_OPTIMIZATION_LEVEL = 0;
				GCC_PREPROCESSOR_DEFINITIONS = (
					"DEBUG=1",
					"$(inherited)",
				);
				GCC_WARN_64_TO_32_BIT_CONVERSION = YES;
				GCC_WARN_ABOUT_RETURN_TYPE = YES_ERROR;
				GCC_WARN_UNDECLARED_SELECTOR = YES;
				GCC_WARN_UNINITIALIZED_AUTOS = YES_AGGRESSIVE;
				GCC_WARN_UNUSED_FUNCTION = YES;
				GCC_WARN_UNUSED_VARIABLE = YES;
				IPHONEOS_DEPLOYMENT_TARGET = 12.4;
				MTL_ENABLE_DEBUG_INFO = INCLUDE_SOURCE;
				MTL_FAST_MATH = YES;
				ONLY_ACTIVE_ARCH = YES;
				SDKROOT = iphoneos;
				SWIFT_ACTIVE_COMPILATION_CONDITIONS = DEBUG;
				SWIFT_OPTIMIZATION_LEVEL = "-Onone";
			};
			name = Debug;
		};
		AFC25C2F23324D24003362B2 /* Release */ = {
			isa = XCBuildConfiguration;
			buildSettings = {
				ALWAYS_SEARCH_USER_PATHS = NO;
				CLANG_ANALYZER_NONNULL = YES;
				CLANG_ANALYZER_NUMBER_OBJECT_CONVERSION = YES_AGGRESSIVE;
				CLANG_CXX_LANGUAGE_STANDARD = "gnu++14";
				CLANG_CXX_LIBRARY = "libc++";
				CLANG_ENABLE_MODULES = YES;
				CLANG_ENABLE_OBJC_ARC = YES;
				CLANG_ENABLE_OBJC_WEAK = YES;
				CLANG_WARN_BLOCK_CAPTURE_AUTORELEASING = YES;
				CLANG_WARN_BOOL_CONVERSION = YES;
				CLANG_WARN_COMMA = YES;
				CLANG_WARN_CONSTANT_CONVERSION = YES;
				CLANG_WARN_DEPRECATED_OBJC_IMPLEMENTATIONS = YES;
				CLANG_WARN_DIRECT_OBJC_ISA_USAGE = YES_ERROR;
				CLANG_WARN_DOCUMENTATION_COMMENTS = YES;
				CLANG_WARN_EMPTY_BODY = YES;
				CLANG_WARN_ENUM_CONVERSION = YES;
				CLANG_WARN_INFINITE_RECURSION = YES;
				CLANG_WARN_INT_CONVERSION = YES;
				CLANG_WARN_NON_LITERAL_NULL_CONVERSION = YES;
				CLANG_WARN_OBJC_IMPLICIT_RETAIN_SELF = YES;
				CLANG_WARN_OBJC_LITERAL_CONVERSION = YES;
				CLANG_WARN_OBJC_ROOT_CLASS = YES_ERROR;
				CLANG_WARN_RANGE_LOOP_ANALYSIS = YES;
				CLANG_WARN_STRICT_PROTOTYPES = YES;
				CLANG_WARN_SUSPICIOUS_MOVE = YES;
				CLANG_WARN_UNGUARDED_AVAILABILITY = YES_AGGRESSIVE;
				CLANG_WARN_UNREACHABLE_CODE = YES;
				CLANG_WARN__DUPLICATE_METHOD_MATCH = YES;
				CODE_SIGN_IDENTITY = "iPhone Developer";
				COPY_PHASE_STRIP = NO;
				DEBUG_INFORMATION_FORMAT = "dwarf-with-dsym";
				ENABLE_NS_ASSERTIONS = NO;
				ENABLE_STRICT_OBJC_MSGSEND = YES;
				GCC_C_LANGUAGE_STANDARD = gnu11;
				GCC_NO_COMMON_BLOCKS = YES;
				GCC_WARN_64_TO_32_BIT_CONVERSION = YES;
				GCC_WARN_ABOUT_RETURN_TYPE = YES_ERROR;
				GCC_WARN_UNDECLARED_SELECTOR = YES;
				GCC_WARN_UNINITIALIZED_AUTOS = YES_AGGRESSIVE;
				GCC_WARN_UNUSED_FUNCTION = YES;
				GCC_WARN_UNUSED_VARIABLE = YES;
				IPHONEOS_DEPLOYMENT_TARGET = 12.4;
				MTL_ENABLE_DEBUG_INFO = NO;
				MTL_FAST_MATH = YES;
				SDKROOT = iphoneos;
				SWIFT_COMPILATION_MODE = wholemodule;
				SWIFT_OPTIMIZATION_LEVEL = "-O";
				VALIDATE_PRODUCT = YES;
			};
			name = Release;
		};
		AFC25C3123324D24003362B2 /* Debug */ = {
			isa = XCBuildConfiguration;
			baseConfigurationReference = 136EC1E13918003F714F58DD /* Pods-Tweetliyoruz.debug.xcconfig */;
			buildSettings = {
				ASSETCATALOG_COMPILER_APPICON_NAME = AppIcon;
				CODE_SIGN_STYLE = Automatic;
				DEVELOPMENT_TEAM = M9437KP6T5;
				INFOPLIST_FILE = "$(SRCROOT)/Tweetliyoruz/Supporting Files/Info.plist";
				LD_RUNPATH_SEARCH_PATHS = (
					"$(inherited)",
					"@executable_path/Frameworks",
				);
				PRODUCT_BUNDLE_IDENTIFIER = com.goh.Tweetliyoruz;
				PRODUCT_NAME = "$(TARGET_NAME)";
				SWIFT_VERSION = 5.0;
				TARGETED_DEVICE_FAMILY = "1,2";
			};
			name = Debug;
		};
		AFC25C3223324D24003362B2 /* Release */ = {
			isa = XCBuildConfiguration;
			baseConfigurationReference = B046CB1791C51C322F11C07B /* Pods-Tweetliyoruz.release.xcconfig */;
			buildSettings = {
				ASSETCATALOG_COMPILER_APPICON_NAME = AppIcon;
				CODE_SIGN_STYLE = Automatic;
				DEVELOPMENT_TEAM = M9437KP6T5;
				INFOPLIST_FILE = "$(SRCROOT)/Tweetliyoruz/Supporting Files/Info.plist";
				LD_RUNPATH_SEARCH_PATHS = (
					"$(inherited)",
					"@executable_path/Frameworks",
				);
				PRODUCT_BUNDLE_IDENTIFIER = com.goh.Tweetliyoruz;
				PRODUCT_NAME = "$(TARGET_NAME)";
				SWIFT_VERSION = 5.0;
				TARGETED_DEVICE_FAMILY = "1,2";
			};
			name = Release;
		};
/* End XCBuildConfiguration section */

/* Begin XCConfigurationList section */
		AFC25C1923324D21003362B2 /* Build configuration list for PBXProject "Tweetliyoruz" */ = {
			isa = XCConfigurationList;
			buildConfigurations = (
				AFC25C2E23324D24003362B2 /* Debug */,
				AFC25C2F23324D24003362B2 /* Release */,
			);
			defaultConfigurationIsVisible = 0;
			defaultConfigurationName = Release;
		};
		AFC25C3023324D24003362B2 /* Build configuration list for PBXNativeTarget "Tweetliyoruz" */ = {
			isa = XCConfigurationList;
			buildConfigurations = (
				AFC25C3123324D24003362B2 /* Debug */,
				AFC25C3223324D24003362B2 /* Release */,
			);
			defaultConfigurationIsVisible = 0;
			defaultConfigurationName = Release;
		};
/* End XCConfigurationList section */
	};
	rootObject = AFC25C1623324D21003362B2 /* Project object */;
}
